
Microsoft Visual Studio Solution File, Format Version 12.00
# Visual Studio Version 17
VisualStudioVersion = 17.12.35707.178
MinimumVisualStudioVersion = 10.0.40219.1
Project("{FAE04EC0-301F-11D3-BF4B-00C04F79EFBC}") = "Bobs_Corn_Challenge.API", "Bobs_Corn_Challenge.API.csproj", "{81BDEDF6-2F86-48CF-BAA5-A4FE12AE7449}"
EndProject
Project("{FAE04EC0-301F-11D3-BF4B-00C04F79EFBC}") = "Bobs_Corn_Challenge.DataAccess", "..\Bobs_Corn_Challenge.DataAccess\Bobs_Corn_Challenge.DataAccess.csproj", "{6BAFC351-CB97-469F-AEEC-BC2A69C4713A}"
EndProject
Project("{FAE04EC0-301F-11D3-BF4B-00C04F79EFBC}") = "Bobs_Corn_Challenge.Services", "..\Bobs_Corn_Challenge.Services\Bobs_Corn_Challenge.Services.csproj", "{CA404D81-5903-41E7-8738-A58F8BE96FCC}"
EndProject
Project("{FAE04EC0-301F-11D3-BF4B-00C04F79EFBC}") = "Bobs_Corn_Challenge.UnitTest", "..\Bobs_Corn_Challenge.UnitTest\Bobs_Corn_Challenge.UnitTest.csproj", "{7C5D7A19-2720-4566-8B28-B8500EFB5094}"
EndProject
Project("{FAE04EC0-301F-11D3-BF4B-00C04F79EFBC}") = "Bobs_Corn_Challenge.Entities", "..\Bobs_Corn_Challenge.Entities\Bobs_Corn_Challenge.Entities.csproj", "{ABF19050-B9CD-428F-BBC5-203007308D33}"
EndProject
Global
	GlobalSection(SolutionConfigurationPlatforms) = preSolution
		Debug|Any CPU = Debug|Any CPU
		Release|Any CPU = Release|Any CPU
	EndGlobalSection
	GlobalSection(ProjectConfigurationPlatforms) = postSolution
		{81BDEDF6-2F86-48CF-BAA5-A4FE12AE7449}.Debug|Any CPU.ActiveCfg = Debug|Any CPU
		{81BDEDF6-2F86-48CF-BAA5-A4FE12AE7449}.Debug|Any CPU.Build.0 = Debug|Any CPU
		{81BDEDF6-2F86-48CF-BAA5-A4FE12AE7449}.Release|Any CPU.ActiveCfg = Release|Any CPU
		{81BDEDF6-2F86-48CF-BAA5-A4FE12AE7449}.Release|Any CPU.Build.0 = Release|Any CPU
		{6BAFC351-CB97-469F-AEEC-BC2A69C4713A}.Debug|Any CPU.ActiveCfg = Debug|Any CPU
		{6BAFC351-CB97-469F-AEEC-BC2A69C4713A}.Debug|Any CPU.Build.0 = Debug|Any CPU
		{6BAFC351-CB97-469F-AEEC-BC2A69C4713A}.Release|Any CPU.ActiveCfg = Release|Any CPU
		{6BAFC351-CB97-469F-AEEC-BC2A69C4713A}.Release|Any CPU.Build.0 = Release|Any CPU
		{CA404D81-5903-41E7-8738-A58F8BE96FCC}.Debug|Any CPU.ActiveCfg = Debug|Any CPU
		{CA404D81-5903-41E7-8738-A58F8BE96FCC}.Debug|Any CPU.Build.0 = Debug|Any CPU
		{CA404D81-5903-41E7-8738-A58F8BE96FCC}.Release|Any CPU.ActiveCfg = Release|Any CPU
		{CA404D81-5903-41E7-8738-A58F8BE96FCC}.Release|Any CPU.Build.0 = Release|Any CPU
		{7C5D7A19-2720-4566-8B28-B8500EFB5094}.Debug|Any CPU.ActiveCfg = Debug|Any CPU
		{7C5D7A19-2720-4566-8B28-B8500EFB5094}.Debug|Any CPU.Build.0 = Debug|Any CPU
		{7C5D7A19-2720-4566-8B28-B8500EFB5094}.Release|Any CPU.ActiveCfg = Release|Any CPU
		{7C5D7A19-2720-4566-8B28-B8500EFB5094}.Release|Any CPU.Build.0 = Release|Any CPU
		{ABF19050-B9CD-428F-BBC5-203007308D33}.Debug|Any CPU.ActiveCfg = Debug|Any CPU
		{ABF19050-B9CD-428F-BBC5-203007308D33}.Debug|Any CPU.Build.0 = Debug|Any CPU
		{ABF19050-B9CD-428F-BBC5-203007308D33}.Release|Any CPU.ActiveCfg = Release|Any CPU
		{ABF19050-B9CD-428F-BBC5-203007308D33}.Release|Any CPU.Build.0 = Release|Any CPU
	EndGlobalSection
	GlobalSection(SolutionProperties) = preSolution
		HideSolutionNode = FALSE
	EndGlobalSection
EndGlobal
